
Microsoft Visual Studio Solution File, Format Version 12.00
# Visual Studio 15
VisualStudioVersion = 15.0.28307.106
MinimumVisualStudioVersion = 10.0.40219.1
Project("{FAE04EC0-301F-11D3-BF4B-00C04F79EFBC}") = "SynchronisingThreads", "SynchronisingThreads\SynchronisingThreads.csproj", "{371AB26A-1B60-4B3B-A277-8C48CE0FF1A1}"
EndProject
Global
	GlobalSection(SolutionConfigurationPlatforms) = preSolution
		Debug|Any CPU = Debug|Any CPU
		Release|Any CPU = Release|Any CPU
	EndGlobalSection
	GlobalSection(ProjectConfigurationPlatforms) = postSolution
		{371AB26A-1B60-4B3B-A277-8C48CE0FF1A1}.Debug|Any CPU.ActiveCfg = Debug|Any CPU
		{371AB26A-1B60-4B3B-A277-8C48CE0FF1A1}.Debug|Any CPU.Build.0 = Debug|Any CPU
		{371AB26A-1B60-4B3B-A277-8C48CE0FF1A1}.Release|Any CPU.ActiveCfg = Release|Any CPU
		{371AB26A-1B60-4B3B-A277-8C48CE0FF1A1}.Release|Any CPU.Build.0 = Release|Any CPU
	EndGlobalSection
	GlobalSection(SolutionProperties) = preSolution
		HideSolutionNode = FALSE
	EndGlobalSection
	GlobalSection(ExtensibilityGlobals) = postSolution
		SolutionGuid = {6FA2D555-D9F4-42DC-A8B4-8256C99598B1}
	EndGlobalSection
EndGlobal
